Microsoft Visual Studio Solution File, Format Version 12.00
# Visual Studio Version 17
VisualStudioVersion = 17.13.35913.81
MinimumVisualStudioVersion = 10.0.40219.1
Project("{FAE04EC0-301F-11D3-BF4B-00C04F79EFBC}") = "ChatBot", "ChatBot\ChatBot.csproj", "{629A5BF0-3FD1-4F80-9FBD-8C61A8E1CFB1}"
EndProject
Global
	GlobalSection(SolutionConfigurationPlatforms) = preSolution
		Debug|Any CPU = Debug|Any CPU
		Release|Any CPU = Release|Any CPU
	EndGlobalSection
	GlobalSection(ProjectConfigurationPlatforms) = postSolution
		{629A5BF0-3FD1-4F80-9FBD-8C61A8E1CFB1}.Debug|Any CPU.ActiveCfg = Debug|Any CPU
		{629A5BF0-3FD1-4F80-9FBD-8C61A8E1CFB1}.Debug|Any CPU.Build.0 = Debug|Any CPU
		{629A5BF0-3FD1-4F80-9FBD-8C61A8E1CFB1}.Release|Any CPU.ActiveCfg = Release|Any CPU
		{629A5BF0-3FD1-4F80-9FBD-8C61A8E1CFB1}.Release|Any CPU.Build.0 = Release|Any CPU
	EndGlobalSection
	GlobalSection(SolutionProperties) = preSolution
		HideSolutionNode = FALSE
	EndGlobalSection
	GlobalSection(ExtensibilityGlobals) = postSolution
		SolutionGuid = {4BB06304-5FAA-4CE3-8193-331BF6A51CF7}
	EndGlobalSection
EndGlobal
